github.com/IWillBurn/gost-go-tpm v0.0.0-20251023093402-8fa81dd4f4b8 h1:rsDW6Z65PPKHTgF8zEehZN85HljAsZQlGqyTuVAFgIE=
github.com/IWillBurn/gost-go-tpm v0.0.0-20251023093402-8fa81dd4f4b8/go.mod h1:LTn8X2JHfEWlJSGUTeXt3yneb2y3HOHI1QHqdiwOfsA=
github.com/IWillBurn/gost-go-tpm v0.0.0-20251112082828-32c35179504f h1:Qi0b76g+BBZh9YeJB6Mrbb2+UJtTI0lCk/46G9q0gaE=
github.com/IWillBurn/gost-go-tpm v0.0.0-20251112082828-32c35179504f/go.mod h1:LTn8X2JHfEWlJSGUTeXt3yneb2y3HOHI1QHqdiwOfsA=
github.com/IWillBurn/gost-go-tpm v0.0.0-20260210140615-0354e4fdb82c h1:i7QfbI9b5zonIxD/IKxFO5JnQFYQhoHgrU4JpDMUhR8=
github.com/IWillBurn/gost-go-tpm v0.0.0-20260210140615-0354e4fdb82c/go.mod h1:LTn8X2JHfEWlJSGUTeXt3yneb2y3HOHI1QHqdiwOfsA=
github.com/IWillBurn/gost-go-tpm v0.0.0-20260210172625-31d0812678b4 h1:ZPf3gqWzegGQ0mCqOZr8QjOa2ZSREnkSoGUDQophalU=
github.com/IWillBurn/gost-go-tpm v0.0.0-20260210172625-31d0812678b4/go.mod h1:LTn8X2JHfEWlJSGUTeXt3yneb2y3HOHI1QHqdiwOfsA=
github.com/IWillBurn/gost-go-tpm v0.0.0-20260211172246-5a6bf2b4f7f1 h1:loRMcbIE2bcL6T3DJHoKKlaa9O7tjolLUOLAsicgrJo=
github.com/IWillBurn/gost-go-tpm v0.0.0-20260211172246-5a6bf2b4f7f1/go.mod h1:LTn8X2JHfEWlJSGUTeXt3yneb2y3HOHI1QHqdiwOfsA=
github.com/IWillBurn/gost-go-tpm v0.0.0-20260212193247-4122cd88a131 h1:t+BZGYSMf52/2P2zJB2CflFbdVWngo/Xtq0CipMCCwQ=
github.com/IWillBurn/gost-go-tpm v0.0.0-20260212193247-4122cd88a131/go.mod h1:LTn8X2JHfEWlJSGUTeXt3yneb2y3HOHI1QHqdiwOfsA=
github.com/IWillBurn/gost-go-tpm v0.0.0-20260212193718-39cdd5282d01 h1:nr9yi1Yt84FznDuSQI42OEuGcDKYmScchz5jcXxRXnM=
github.com/IWillBurn/gost-go-tpm v0.0.0-20260212193718-39cdd5282d01/go.mod h1:LTn8X2JHfEWlJSGUTeXt3yneb2y3HOHI1QHqdiwOfsA=
github.com/IWillBurn/gost-go-tpm v0.0.0-20260212195642-d60cd1d78c30 h1:+o/H0YjUlxDZblWEtngZrrhORy7HZ6pKDyDo3m8ksAg=
github.com/IWillBurn/gost-go-tpm v0.0.0-20260212195642-d60cd1d78c30/go.mod h1:LTn8X2JHfEWlJSGUTeXt3yneb2y3HOHI1QHqdiwOfsA=
github.com/IWillBurn/gost-go-tpm v0.0.0-20260212201542-ab47996808ef h1:z8VLQdhH4sxYCSXQDVYlH4Vn0SNKVmFHvUuTpOs4zTI=
github.com/IWillBurn/gost-go-tpm v0.0.0-20260212201542-ab47996808ef/go.mod h1:LTn8X2JHfEWlJSGUTeXt3yneb2y3HOHI1QHqdiwOfsA=
github.com/IWillBurn/gost-go-tpm v0.0.0-20260213112025-5e5fd580d7df h1:qtiATDD+FYiHg4mZeq7DjexpRVf2GPecmyZzLl3MNSI=
github.com/IWillBurn/gost-go-tpm v0.0.0-20260213112025-5e5fd580d7df/go.mod h1:LTn8X2JHfEWlJSGUTeXt3yneb2y3HOHI1QHqdiwOfsA=
github.com/davecgh/go-spew v1.1.1 h1:vj9j/u1bqnvCEfJOwUhtlOARqs3+rkHYY13jYWTU97c=
github.com/davecgh/go-spew v1.1.1/go.mod h1:J7Y8YcW2NihsgmVo/mv3lAwl/skON4iLHjSsI+c5H38=
github.com/google/go-tpm v0.9.8 h1:slArAR9Ft+1ybZu0lBwpSmpwhRXaa85hWtMinMyRAWo=
github.com/google/go-tpm v0.9.8/go.mod h1:h9jEsEECg7gtLis0upRBQU+GhYVH6jMjrFxI8u6bVUY=
github.com/pmezard/go-difflib v1.0.0 h1:4DBwDE0NGyQoBHbLQYPwSUPoCMWR5BEzIk/f1lZbAQM=
github.com/pmezard/go-difflib v1.0.0/go.mod h1:iKH77koFhYxTK1pcRnkKkqfTogsbg7gZNVY4sRDYZ/4=
github.com/stretchr/testify v1.11.1 h1:7s2iGBzp5EwR7/aIZr8ao5+dra3wiQyKjjFuvgVKu7U=
github.com/stretchr/testify v1.11.1/go.mod h1:wZwfW3scLgRK+23gO65QZefKpKQRnfz6sD981Nm4B6U=
golang.org/x/sys v0.37.0 h1:fdNQudmxPjkdUTPnLn5mdQv7Zwvbvpaxqs831goi9kQ=
golang.org/x/sys v0.37.0/go.mod h1:OgkHotnGiDImocRcuBABYBEXf8A9a87e/uXjp9XT3ks=
gopkg.in/check.v1 v0.0.0-20161208181325-20d25e280405 h1:yhCVgyC4o1eVCa2tZl7eS0r+SDo693bJlVdllGtEeKM=
gopkg.in/check.v1 v0.0.0-20161208181325-20d25e280405/go.mod h1:Co6ibVJAznAaIkqp8huTwlJQCZ016jof/cbN4VW5Yz0=
gopkg.in/yaml.v3 v3.0.1 h1:fxVm/GzAzEWqLHuvctI91KS9hhNmmWOoWu0XTYJS7CA=
gopkg.in/yaml.v3 v3.0.1/go.mod h1:K4uyk7z7BCEPqu6E+C64Yfv1cQ7kz7rIZviUmN+EgEM=
